
Microsoft Visual Studio Solution File, Format Version 12.00
# Visual Studio Version 17
VisualStudioVersion = 17.9.34701.34
MinimumVisualStudioVersion = 10.0.40219.1
Project("{FAE04EC0-301F-11D3-BF4B-00C04F79EFBC}") = "LeonardoAndrade_LaboratorioApodNasa", "LeonardoAndrade_LaboratorioApodNasa\LeonardoAndrade_LaboratorioApodNasa.csproj", "{4962108E-2389-4427-A132-0B72D4A22FE3}"
EndProject
Project("{2150E333-8FDC-42A3-9474-1A3956D46DE8}") = "View", "View", "{C49F3924-26B8-4BD8-B432-C67996486CE1}"
EndProject
Global
	GlobalSection(SolutionConfigurationPlatforms) = preSolution
		Debug|Any CPU = Debug|Any CPU
		Release|Any CPU = Release|Any CPU
	EndGlobalSection
	GlobalSection(ProjectConfigurationPlatforms) = postSolution
		{4962108E-2389-4427-A132-0B72D4A22FE3}.Debug|Any CPU.ActiveCfg = Debug|Any CPU
		{4962108E-2389-4427-A132-0B72D4A22FE3}.Debug|Any CPU.Build.0 = Debug|Any CPU
		{4962108E-2389-4427-A132-0B72D4A22FE3}.Debug|Any CPU.Deploy.0 = Debug|Any CPU
		{4962108E-2389-4427-A132-0B72D4A22FE3}.Release|Any CPU.ActiveCfg = Release|Any CPU
		{4962108E-2389-4427-A132-0B72D4A22FE3}.Release|Any CPU.Build.0 = Release|Any CPU
		{4962108E-2389-4427-A132-0B72D4A22FE3}.Release|Any CPU.Deploy.0 = Release|Any CPU
	EndGlobalSection
	GlobalSection(SolutionProperties) = preSolution
		HideSolutionNode = FALSE
	EndGlobalSection
	GlobalSection(ExtensibilityGlobals) = postSolution
		SolutionGuid = {0DADCAB7-0398-4A21-9296-7834C2DFA074}
	EndGlobalSection
EndGlobal
